
Microsoft Visual Studio Solution File, Format Version 12.00
# Visual Studio Version 16
VisualStudioVersion = 16.0.29613.14
MinimumVisualStudioVersion = 10.0.40219.1
Project("{9A19103F-16F7-4668-BE54-9A1E7A4F7556}") = "netoAPI", "netoAPI.csproj", "{74D932D4-F1A2-4AAB-92CF-C2C914B0E71D}"
EndProject
Global
	GlobalSection(SolutionConfigurationPlatforms) = preSolution
		Debug|Any CPU = Debug|Any CPU
		Release|Any CPU = Release|Any CPU
	EndGlobalSection
	GlobalSection(ProjectConfigurationPlatforms) = postSolution
		{74D932D4-F1A2-4AAB-92CF-C2C914B0E71D}.Debug|Any CPU.ActiveCfg = Debug|Any CPU
		{74D932D4-F1A2-4AAB-92CF-C2C914B0E71D}.Debug|Any CPU.Build.0 = Debug|Any CPU
		{74D932D4-F1A2-4AAB-92CF-C2C914B0E71D}.Release|Any CPU.ActiveCfg = Release|Any CPU
		{74D932D4-F1A2-4AAB-92CF-C2C914B0E71D}.Release|Any CPU.Build.0 = Release|Any CPU
	EndGlobalSection
	GlobalSection(SolutionProperties) = preSolution
		HideSolutionNode = FALSE
	EndGlobalSection
	GlobalSection(ExtensibilityGlobals) = postSolution
		SolutionGuid = {CB7011E0-A446-4663-B4C5-0209544DCB16}
	EndGlobalSection
EndGlobal
